
Microsoft Visual Studio Solution File, Format Version 12.00
Project("{FAE04EC0-301F-11D3-BF4B-00C04F79EFBC}") = "UMS", "UMS\UMS.csproj", "{D25D2217-38F1-49FA-B407-4CFAE6B5627C}"
EndProject
Project("{2150E333-8FDC-42A3-9474-1A3956D46DE8}") = "src", "src", "{7BEBFF28-0D5A-410C-AFEF-A642ACA6C769}"
EndProject
Project("{2150E333-8FDC-42A3-9474-1A3956D46DE8}") = "Core", "Core", "{786AF775-07A5-4C7A-86D4-7D3C4FE7618B}"
EndProject
Project("{2150E333-8FDC-42A3-9474-1A3956D46DE8}") = "Infrastructure", "Infrastructure", "{BA458EC6-F4A5-4EE1-B282-472F9146E8A4}"
EndProject
Project("{2150E333-8FDC-42A3-9474-1A3956D46DE8}") = "Common", "Common", "{A14153C4-EC52-4173-B54F-C586A258C8D1}"
EndProject
Project("{2150E333-8FDC-42A3-9474-1A3956D46DE8}") = "Presentation", "Presentation", "{498B199C-9E6F-430E-B0AA-C680C9D93BCF}"
EndProject
Project("{FAE04EC0-301F-11D3-BF4B-00C04F79EFBC}") = "UMS.Application", "UMS.Application\UMS.Application.csproj", "{6CA4B084-064B-4309-BC17-08C79223165B}"
EndProject
Project("{FAE04EC0-301F-11D3-BF4B-00C04F79EFBC}") = "UMS.Domain", "UMS.Domain\UMS.Domain.csproj", "{E03AD082-A65C-42B1-96D2-AF12C72B5339}"
EndProject
Project("{FAE04EC0-301F-11D3-BF4B-00C04F79EFBC}") = "UMS.Infrastructure", "UMS.Infrastructure\UMS.Infrastructure.csproj", "{44929E0E-86FA-47C3-999B-BFFD4CA71D6A}"
EndProject
Project("{FAE04EC0-301F-11D3-BF4B-00C04F79EFBC}") = "UMS.Persistence", "UMS.Persistence\UMS.Persistence.csproj", "{FFAD86CA-E8F9-425A-AC97-22C1DE0A411A}"
EndProject
Project("{FAE04EC0-301F-11D3-BF4B-00C04F79EFBC}") = "UMS.Infrastructure.Abstraction", "UMS.Infrastructure.Abstraction\UMS.Infrastructure.Abstraction.csproj", "{79E978DE-9461-4EF8-B141-BE2880E3FD1B}"
EndProject
Global
	GlobalSection(SolutionConfigurationPlatforms) = preSolution
		Debug|Any CPU = Debug|Any CPU
		Release|Any CPU = Release|Any CPU
	EndGlobalSection
	GlobalSection(ProjectConfigurationPlatforms) = postSolution
		{D25D2217-38F1-49FA-B407-4CFAE6B5627C}.Debug|Any CPU.ActiveCfg = Debug|Any CPU
		{D25D2217-38F1-49FA-B407-4CFAE6B5627C}.Debug|Any CPU.Build.0 = Debug|Any CPU
		{D25D2217-38F1-49FA-B407-4CFAE6B5627C}.Release|Any CPU.ActiveCfg = Release|Any CPU
		{D25D2217-38F1-49FA-B407-4CFAE6B5627C}.Release|Any CPU.Build.0 = Release|Any CPU
		{6CA4B084-064B-4309-BC17-08C79223165B}.Debug|Any CPU.ActiveCfg = Debug|Any CPU
		{6CA4B084-064B-4309-BC17-08C79223165B}.Debug|Any CPU.Build.0 = Debug|Any CPU
		{6CA4B084-064B-4309-BC17-08C79223165B}.Release|Any CPU.ActiveCfg = Release|Any CPU
		{6CA4B084-064B-4309-BC17-08C79223165B}.Release|Any CPU.Build.0 = Release|Any CPU
		{E03AD082-A65C-42B1-96D2-AF12C72B5339}.Debug|Any CPU.ActiveCfg = Debug|Any CPU
		{E03AD082-A65C-42B1-96D2-AF12C72B5339}.Debug|Any CPU.Build.0 = Debug|Any CPU
		{E03AD082-A65C-42B1-96D2-AF12C72B5339}.Release|Any CPU.ActiveCfg = Release|Any CPU
		{E03AD082-A65C-42B1-96D2-AF12C72B5339}.Release|Any CPU.Build.0 = Release|Any CPU
		{44929E0E-86FA-47C3-999B-BFFD4CA71D6A}.Debug|Any CPU.ActiveCfg = Debug|Any CPU
		{44929E0E-86FA-47C3-999B-BFFD4CA71D6A}.Debug|Any CPU.Build.0 = Debug|Any CPU
		{44929E0E-86FA-47C3-999B-BFFD4CA71D6A}.Release|Any CPU.ActiveCfg = Release|Any CPU
		{44929E0E-86FA-47C3-999B-BFFD4CA71D6A}.Release|Any CPU.Build.0 = Release|Any CPU
		{FFAD86CA-E8F9-425A-AC97-22C1DE0A411A}.Debug|Any CPU.ActiveCfg = Debug|Any CPU
		{FFAD86CA-E8F9-425A-AC97-22C1DE0A411A}.Debug|Any CPU.Build.0 = Debug|Any CPU
		{FFAD86CA-E8F9-425A-AC97-22C1DE0A411A}.Release|Any CPU.ActiveCfg = Release|Any CPU
		{FFAD86CA-E8F9-425A-AC97-22C1DE0A411A}.Release|Any CPU.Build.0 = Release|Any CPU
		{79E978DE-9461-4EF8-B141-BE2880E3FD1B}.Debug|Any CPU.ActiveCfg = Debug|Any CPU
		{79E978DE-9461-4EF8-B141-BE2880E3FD1B}.Debug|Any CPU.Build.0 = Debug|Any CPU
		{79E978DE-9461-4EF8-B141-BE2880E3FD1B}.Release|Any CPU.ActiveCfg = Release|Any CPU
		{79E978DE-9461-4EF8-B141-BE2880E3FD1B}.Release|Any CPU.Build.0 = Release|Any CPU
	EndGlobalSection
	GlobalSection(NestedProjects) = preSolution
		{786AF775-07A5-4C7A-86D4-7D3C4FE7618B} = {7BEBFF28-0D5A-410C-AFEF-A642ACA6C769}
		{BA458EC6-F4A5-4EE1-B282-472F9146E8A4} = {7BEBFF28-0D5A-410C-AFEF-A642ACA6C769}
		{A14153C4-EC52-4173-B54F-C586A258C8D1} = {7BEBFF28-0D5A-410C-AFEF-A642ACA6C769}
		{498B199C-9E6F-430E-B0AA-C680C9D93BCF} = {7BEBFF28-0D5A-410C-AFEF-A642ACA6C769}
		{D25D2217-38F1-49FA-B407-4CFAE6B5627C} = {498B199C-9E6F-430E-B0AA-C680C9D93BCF}
		{6CA4B084-064B-4309-BC17-08C79223165B} = {786AF775-07A5-4C7A-86D4-7D3C4FE7618B}
		{E03AD082-A65C-42B1-96D2-AF12C72B5339} = {786AF775-07A5-4C7A-86D4-7D3C4FE7618B}
		{44929E0E-86FA-47C3-999B-BFFD4CA71D6A} = {BA458EC6-F4A5-4EE1-B282-472F9146E8A4}
		{FFAD86CA-E8F9-425A-AC97-22C1DE0A411A} = {BA458EC6-F4A5-4EE1-B282-472F9146E8A4}
		{79E978DE-9461-4EF8-B141-BE2880E3FD1B} = {BA458EC6-F4A5-4EE1-B282-472F9146E8A4}
	EndGlobalSection
EndGlobal
